
Microsoft Visual Studio Solution File, Format Version 12.00
# Visual Studio Version 16
VisualStudioVersion = 16.0.810.16
MinimumVisualStudioVersion = 10.0.40219.1
Project("{FAE04EC0-301F-11D3-BF4B-00C04F79EFBC}") = "BankApp", "BankApp\BankApp.csproj", "{119F6651-2C40-4E38-9D86-153D13B629F8}"
EndProject
Project("{FAE04EC0-301F-11D3-BF4B-00C04F79EFBC}") = "BankApp.UnitTests", "BankApp.UnitTests\BankApp.UnitTests.csproj", "{98F68092-BEF2-437F-8434-727D6DF8B871}"
EndProject
Global
	GlobalSection(SolutionConfigurationPlatforms) = preSolution
		Debug|Any CPU = Debug|Any CPU
		Release|Any CPU = Release|Any CPU
	EndGlobalSection
	GlobalSection(ProjectConfigurationPlatforms) = postSolution
		{119F6651-2C40-4E38-9D86-153D13B629F8}.Debug|Any CPU.ActiveCfg = Debug|Any CPU
		{119F6651-2C40-4E38-9D86-153D13B629F8}.Debug|Any CPU.Build.0 = Debug|Any CPU
		{119F6651-2C40-4E38-9D86-153D13B629F8}.Release|Any CPU.ActiveCfg = Release|Any CPU
		{119F6651-2C40-4E38-9D86-153D13B629F8}.Release|Any CPU.Build.0 = Release|Any CPU
		{98F68092-BEF2-437F-8434-727D6DF8B871}.Debug|Any CPU.ActiveCfg = Debug|Any CPU
		{98F68092-BEF2-437F-8434-727D6DF8B871}.Debug|Any CPU.Build.0 = Debug|Any CPU
		{98F68092-BEF2-437F-8434-727D6DF8B871}.Release|Any CPU.ActiveCfg = Release|Any CPU
		{98F68092-BEF2-437F-8434-727D6DF8B871}.Release|Any CPU.Build.0 = Release|Any CPU
	EndGlobalSection
	GlobalSection(SolutionProperties) = preSolution
		HideSolutionNode = FALSE
	EndGlobalSection
	GlobalSection(ExtensibilityGlobals) = postSolution
		SolutionGuid = {B549C694-1A8C-45C7-90F8-5333E9F5005E}
	EndGlobalSection
EndGlobal
